{
  "name": "ans_attr",
  "version": "1.0.0",
  "lockfileVersion": 2,
  "requires": true,
  "packages": {
    "": {
      "name": "ans_attr",
      "version": "1.0.0",
      "license": "ISC",
      "dependencies": {
        "async": "^3.2.4",
        "await": "^0.2.6"
      }
    },
    "node_modules/async": {
      "version": "3.2.4",
      "resolved": "https://registry.npmjs.org/async/-/async-3.2.4.tgz",
      "integrity": "sha512-iAB+JbDEGXhyIUavoDl9WP/Jj106Kz9DEn1DPgYw5ruDn0e3Wgi3sKFm55sASdGBNOQB8F59d9qQ7deqrHA8wQ=="
    },
    "node_modules/await": {
      "version": "0.2.6",
      "resolved": "https://registry.npmjs.org/await/-/await-0.2.6.tgz",
      "integrity": "sha512-5BD7eP/ylHyaLiSpbiMf5ImXsIt8Vxkk26i0KIYxj3TD6d+G2WU1TqOcQaJRYwG6tIn2+Ucd6IiDPZ4pNNbLdw=="
    }
  },
  "dependencies": {
    "async": {
      "version": "3.2.4",
      "resolved": "https://registry.npmjs.org/async/-/async-3.2.4.tgz",
      "integrity": "sha512-iAB+JbDEGXhyIUavoDl9WP/Jj106Kz9DEn1DPgYw5ruDn0e3Wgi3sKFm55sASdGBNOQB8F59d9qQ7deqrHA8wQ=="
    },
    "await": {
      "version": "0.2.6",
      "resolved": "https://registry.npmjs.org/await/-/await-0.2.6.tgz",
      "integrity": "sha512-5BD7eP/ylHyaLiSpbiMf5ImXsIt8Vxkk26i0KIYxj3TD6d+G2WU1TqOcQaJRYwG6tIn2+Ucd6IiDPZ4pNNbLdw=="
    }
  }
}
